
Microsoft Visual Studio Solution File, Format Version 12.00
# Visual Studio Version 17
VisualStudioVersion = 17.10.35027.167
MinimumVisualStudioVersion = 10.0.40219.1
Project("{FAE04EC0-301F-11D3-BF4B-00C04F79EFBC}") = "WebApplication1", "WebApplication1\WebApplication1.csproj", "{8B582B24-F7C4-461B-BED3-FBE2C92A16D2}"
EndProject
Global
	GlobalSection(SolutionConfigurationPlatforms) = preSolution
		Debug|Any CPU = Debug|Any CPU
		Release|Any CPU = Release|Any CPU
	EndGlobalSection
	GlobalSection(ProjectConfigurationPlatforms) = postSolution
		{8B582B24-F7C4-461B-BED3-FBE2C92A16D2}.Debug|Any CPU.ActiveCfg = Debug|Any CPU
		{8B582B24-F7C4-461B-BED3-FBE2C92A16D2}.Debug|Any CPU.Build.0 = Debug|Any CPU
		{8B582B24-F7C4-461B-BED3-FBE2C92A16D2}.Release|Any CPU.ActiveCfg = Release|Any CPU
		{8B582B24-F7C4-461B-BED3-FBE2C92A16D2}.Release|Any CPU.Build.0 = Release|Any CPU
	EndGlobalSection
	GlobalSection(SolutionProperties) = preSolution
		HideSolutionNode = FALSE
	EndGlobalSection
	GlobalSection(ExtensibilityGlobals) = postSolution
		SolutionGuid = {5DF0662B-BED0-4D3C-A09A-5023138CB6EF}
	EndGlobalSection
EndGlobal
